PODS:
  - OpenCV2-contrib (3.2.0.1)

DEPENDENCIES:
  - OpenCV2-contrib

SPEC REPOS:
  https://github.com/cocoapods/specs.git:
    - OpenCV2-contrib

SPEC CHECKSUMS:
  OpenCV2-contrib: 314f0aa0159767a4b2e4208a35d646542bc15da6

PODFILE CHECKSUM: 86451f50e76623b0a1118b4f6afd38618b5693c2

COCOAPODS: 1.7.5
